
Microsoft Visual Studio Solution File, Format Version 12.00
# Visual Studio Version 17
VisualStudioVersion = 17.8.34309.116
MinimumVisualStudioVersion = 10.0.40219.1
Project("{FAE04EC0-301F-11D3-BF4B-00C04F79EFBC}") = "WebApiPerson", "WebApiPerson\WebApiPerson.csproj", "{DA781BCA-2498-43F5-AA77-51EAFFA97080}"
EndProject
Global
	GlobalSection(SolutionConfigurationPlatforms) = preSolution
		Debug|Any CPU = Debug|Any CPU
		Release|Any CPU = Release|Any CPU
	EndGlobalSection
	GlobalSection(ProjectConfigurationPlatforms) = postSolution
		{DA781BCA-2498-43F5-AA77-51EAFFA97080}.Debug|Any CPU.ActiveCfg = Debug|Any CPU
		{DA781BCA-2498-43F5-AA77-51EAFFA97080}.Debug|Any CPU.Build.0 = Debug|Any CPU
		{DA781BCA-2498-43F5-AA77-51EAFFA97080}.Release|Any CPU.ActiveCfg = Release|Any CPU
		{DA781BCA-2498-43F5-AA77-51EAFFA97080}.Release|Any CPU.Build.0 = Release|Any CPU
	EndGlobalSection
	GlobalSection(SolutionProperties) = preSolution
		HideSolutionNode = FALSE
	EndGlobalSection
	GlobalSection(ExtensibilityGlobals) = postSolution
		SolutionGuid = {5BB5C777-D21C-4961-BA3E-BD4D20CC36E4}
	EndGlobalSection
EndGlobal
